// !$*UTF8*$!
{
	archiveVersion = 1;
	classes = {
	};
	objectVersion = 56;
	objects = {

/* Begin PBXBuildFile section */
		BC0135FA2A16100500FED38D /* ProfileViewController.swift in Sources */ = {isa = PBXBuildFile; fileRef = BC0135F92A16100500FED38D /* ProfileViewController.swift */; };
		BC0135FC2A16101300FED38D /* FeedViewController.swift in Sources */ = {isa = PBXBuildFile; fileRef = BC0135FB2A16101300FED38D /* FeedViewController.swift */; };
		BC1F57722A22252E00037BFF /* LogInViewController.swift in Sources */ = {isa = PBXBuildFile; fileRef = BC1F57712A22252E00037BFF /* LogInViewController.swift */; };
		BC1F57742A22255800037BFF /* Extension.swift in Sources */ = {isa = PBXBuildFile; fileRef = BC1F57732A22255800037BFF /* Extension.swift */; };
		BC32AFCA2A281133000EF818 /* PostTableViewCell.swift in Sources */ = {isa = PBXBuildFile; fileRef = BC32AFC92A281133000EF818 /* PostTableViewCell.swift */; };
		BC339E8B2A16BAF60097B7AE /* ProfileHeaderView.swift in Sources */ = {isa = PBXBuildFile; fileRef = BC339E8A2A16BAF60097B7AE /* ProfileHeaderView.swift */; };
		BC8A05882A304CBB006D9AFA /* PhotosTableViewCell.swift in Sources */ = {isa = PBXBuildFile; fileRef = BC8A05872A304CBB006D9AFA /* PhotosTableViewCell.swift */; };
		BC8A058A2A304CFA006D9AFA /* PhotosViewController.swift in Sources */ = {isa = PBXBuildFile; fileRef = BC8A05892A304CFA006D9AFA /* PhotosViewController.swift */; };
		BC8A058C2A304D1A006D9AFA /* PhotosCollectionViewCell.swift in Sources */ = {isa = PBXBuildFile; fileRef = BC8A058B2A304D1A006D9AFA /* PhotosCollectionViewCell.swift */; };
		BC8A058E2A304D48006D9AFA /* CollectionData.swift in Sources */ = {isa = PBXBuildFile; fileRef = BC8A058D2A304D48006D9AFA /* CollectionData.swift */; };
		BCA912992A1611DA002D4A41 /* InfoViewController.swift in Sources */ = {isa = PBXBuildFile; fileRef = BCA912982A1611DA002D4A41 /* InfoViewController.swift */; };
		BCA9129B2A1611E7002D4A41 /* Post.swift in Sources */ = {isa = PBXBuildFile; fileRef = BCA9129A2A1611E7002D4A41 /* Post.swift */; };
		BCA9129D2A16123A002D4A41 /* PostViewController.swift in Sources */ = {isa = PBXBuildFile; fileRef = BCA9129C2A16123A002D4A41 /* PostViewController.swift */; };
		BCC717E02A1582EE008F2423 /* AppDelegate.swift in Sources */ = {isa = PBXBuildFile; fileRef = BCC717DF2A1582EE008F2423 /* AppDelegate.swift */; };
		BCC717E22A1582EE008F2423 /* SceneDelegate.swift in Sources */ = {isa = PBXBuildFile; fileRef = BCC717E12A1582EE008F2423 /* SceneDelegate.swift */; };
		BCC717E42A1582EE008F2423 /* ViewController.swift in Sources */ = {isa = PBXBuildFile; fileRef = BCC717E32A1582EE008F2423 /* ViewController.swift */; };
		BCC717E92A1582EF008F2423 /* Assets.xcassets in Resources */ = {isa = PBXBuildFile; fileRef = BCC717E82A1582EF008F2423 /* Assets.xcassets */; };
		BCC717EC2A1582EF008F2423 /* LaunchScreen.storyboard in Resources */ = {isa = PBXBuildFile; fileRef = BCC717EA2A1582EF008F2423 /* LaunchScreen.storyboard */; };
/* End PBXBuildFile section */

/* Begin PBXFileReference section */
		BC0135F92A16100500FED38D /* ProfileViewController.swift */ = {isa = PBXFileReference; lastKnownFileType = sourcecode.swift; path = ProfileViewController.swift; sourceTree = "<group>"; };
		BC0135FB2A16101300FED38D /* FeedViewController.swift */ = {isa = PBXFileReference; lastKnownFileType = sourcecode.swift; path = FeedViewController.swift; sourceTree = "<group>"; };
		BC1F57712A22252E00037BFF /* LogInViewController.swift */ = {isa = PBXFileReference; lastKnownFileType = sourcecode.swift; path = LogInViewController.swift; sourceTree = "<group>"; };
		BC1F57732A22255800037BFF /* Extension.swift */ = {isa = PBXFileReference; lastKnownFileType = sourcecode.swift; path = Extension.swift; sourceTree = "<group>"; };
		BC32AFC92A281133000EF818 /* PostTableViewCell.swift */ = {isa = PBXFileReference; lastKnownFileType = sourcecode.swift; path = PostTableViewCell.swift; sourceTree = "<group>"; };
		BC339E8A2A16BAF60097B7AE /* ProfileHeaderView.swift */ = {isa = PBXFileReference; lastKnownFileType = sourcecode.swift; path = ProfileHeaderView.swift; sourceTree = "<group>"; };
		BC8A05872A304CBB006D9AFA /* PhotosTableViewCell.swift */ = {isa = PBXFileReference; lastKnownFileType = sourcecode.swift; path = PhotosTableViewCell.swift; sourceTree = "<group>"; };
		BC8A05892A304CFA006D9AFA /* PhotosViewController.swift */ = {isa = PBXFileReference; lastKnownFileType = sourcecode.swift; path = PhotosViewController.swift; sourceTree = "<group>"; };
		BC8A058B2A304D1A006D9AFA /* PhotosCollectionViewCell.swift */ = {isa = PBXFileReference; lastKnownFileType = sourcecode.swift; path = PhotosCollectionViewCell.swift; sourceTree = "<group>"; };
		BC8A058D2A304D48006D9AFA /* CollectionData.swift */ = {isa = PBXFileReference; lastKnownFileType = sourcecode.swift; path = CollectionData.swift; sourceTree = "<group>"; };
		BCA912982A1611DA002D4A41 /* InfoViewController.swift */ = {isa = PBXFileReference; lastKnownFileType = sourcecode.swift; path = InfoViewController.swift; sourceTree = "<group>"; };
		BCA9129A2A1611E7002D4A41 /* Post.swift */ = {isa = PBXFileReference; lastKnownFileType = sourcecode.swift; path = Post.swift; sourceTree = "<group>"; };
		BCA9129C2A16123A002D4A41 /* PostViewController.swift */ = {isa = PBXFileReference; lastKnownFileType = sourcecode.swift; path = PostViewController.swift; sourceTree = "<group>"; };
		BCC717DC2A1582EE008F2423 /* Novigation.app */ = {isa = PBXFileReference; explicitFileType = wrapper.application; includeInIndex = 0; path = Novigation.app; sourceTree = BUILT_PRODUCTS_DIR; };
		BCC717DF2A1582EE008F2423 /* AppDelegate.swift */ = {isa = PBXFileReference; lastKnownFileType = sourcecode.swift; path = AppDelegate.swift; sourceTree = "<group>"; };
		BCC717E12A1582EE008F2423 /* SceneDelegate.swift */ = {isa = PBXFileReference; lastKnownFileType = sourcecode.swift; path = SceneDelegate.swift; sourceTree = "<group>"; };
		BCC717E32A1582EE008F2423 /* ViewController.swift */ = {isa = PBXFileReference; lastKnownFileType = sourcecode.swift; path = ViewController.swift; sourceTree = "<group>"; };
		BCC717E82A1582EF008F2423 /* Assets.xcassets */ = {isa = PBXFileReference; lastKnownFileType = folder.assetcatalog; path = Assets.xcassets; sourceTree = "<group>"; };
		BCC717EB2A1582EF008F2423 /* Base */ = {isa = PBXFileReference; lastKnownFileType = file.storyboard; name = Base; path = Base.lproj/LaunchScreen.storyboard; sourceTree = "<group>"; };
		BCC717ED2A1582EF008F2423 /* Info.plist */ = {isa = PBXFileReference; lastKnownFileType = text.plist.xml; path = Info.plist; sourceTree = "<group>"; };
/* End PBXFileReference section */

/* Begin PBXFrameworksBuildPhase section */
		BCC717D92A1582ED008F2423 /* Frameworks */ = {
			isa = PBXFrameworksBuildPhase;
			buildActionMask = 2147483647;
			files = (
			);
			runOnlyForDeploymentPostprocessing = 0;
		};
/* End PBXFrameworksBuildPhase section */

/* Begin PBXGroup section */
		BC339E892A16BAD90097B7AE /* Profile */ = {
			isa = PBXGroup;
			children = (
				BC0135F92A16100500FED38D /* ProfileViewController.swift */,
				BC32AFC92A281133000EF818 /* PostTableViewCell.swift */,
				BC1F57712A22252E00037BFF /* LogInViewController.swift */,
				BC339E8A2A16BAF60097B7AE /* ProfileHeaderView.swift */,
			);
			path = Profile;
			sourceTree = "<group>";
		};
		BCC717D32A1582ED008F2423 = {
			isa = PBXGroup;
			children = (
				BCC717DE2A1582EE008F2423 /* Novigation */,
				BCC717DD2A1582EE008F2423 /* Products */,
			);
			sourceTree = "<group>";
		};
		BCC717DD2A1582EE008F2423 /* Products */ = {
			isa = PBXGroup;
			children = (
				BCC717DC2A1582EE008F2423 /* Novigation.app */,
			);
			name = Products;
			sourceTree = "<group>";
		};
		BCC717DE2A1582EE008F2423 /* Novigation */ = {
			isa = PBXGroup;
			children = (
				BC339E892A16BAD90097B7AE /* Profile */,
				BCC717DF2A1582EE008F2423 /* AppDelegate.swift */,
				BCC717E12A1582EE008F2423 /* SceneDelegate.swift */,
				BC0135FB2A16101300FED38D /* FeedViewController.swift */,
				BCA9129C2A16123A002D4A41 /* PostViewController.swift */,
				BCA912982A1611DA002D4A41 /* InfoViewController.swift */,
				BCA9129A2A1611E7002D4A41 /* Post.swift */,
				BCC717E32A1582EE008F2423 /* ViewController.swift */,
				BC1F57732A22255800037BFF /* Extension.swift */,
				BCC717E82A1582EF008F2423 /* Assets.xcassets */,
				BCC717EA2A1582EF008F2423 /* LaunchScreen.storyboard */,
				BCC717ED2A1582EF008F2423 /* Info.plist */,
				BC8A05872A304CBB006D9AFA /* PhotosTableViewCell.swift */,
				BC8A05892A304CFA006D9AFA /* PhotosViewController.swift */,
				BC8A058B2A304D1A006D9AFA /* PhotosCollectionViewCell.swift */,
				BC8A058D2A304D48006D9AFA /* CollectionData.swift */,
			);
			path = Novigation;
			sourceTree = "<group>";
		};
/* End PBXGroup section */

/* Begin PBXNativeTarget section */
		BCC717DB2A1582ED008F2423 /* Novigation */ = {
			isa = PBXNativeTarget;
			buildConfigurationList = BCC717F02A1582EF008F2423 /* Build configuration list for PBXNativeTarget "Novigation" */;
			buildPhases = (
				BCC717D82A1582ED008F2423 /* Sources */,
				BCC717D92A1582ED008F2423 /* Frameworks */,
				BCC717DA2A1582ED008F2423 /* Resources */,
			);
			buildRules = (
			);
			dependencies = (
			);
			name = Novigation;
			productName = Novigation;
			productReference = BCC717DC2A1582EE008F2423 /* Novigation.app */;
			productType = "com.apple.product-type.application";
		};
/* End PBXNativeTarget section */

/* Begin PBXProject section */
		BCC717D42A1582ED008F2423 /* Project object */ = {
			isa = PBXProject;
			attributes = {
				BuildIndependentTargetsInParallel = 1;
				LastSwiftUpdateCheck = 1430;
				LastUpgradeCheck = 1430;
				TargetAttributes = {
					BCC717DB2A1582ED008F2423 = {
						CreatedOnToolsVersion = 14.3;
					};
				};
			};
			buildConfigurationList = BCC717D72A1582ED008F2423 /* Build configuration list for PBXProject "Novigation" */;
			compatibilityVersion = "Xcode 14.0";
			developmentRegion = en;
			hasScannedForEncodings = 0;
			knownRegions = (
				en,
				Base,
			);
			mainGroup = BCC717D32A1582ED008F2423;
			productRefGroup = BCC717DD2A1582EE008F2423 /* Products */;
			projectDirPath = "";
			projectRoot = "";
			targets = (
				BCC717DB2A1582ED008F2423 /* Novigation */,
			);
		};
/* End PBXProject section */

/* Begin PBXResourcesBuildPhase section */
		BCC717DA2A1582ED008F2423 /* Resources */ = {
			isa = PBXResourcesBuildPhase;
			buildActionMask = 2147483647;
			files = (
				BCC717EC2A1582EF008F2423 /* LaunchScreen.storyboard in Resources */,
				BCC717E92A1582EF008F2423 /* Assets.xcassets in Resources */,
			);
			runOnlyForDeploymentPostprocessing = 0;
		};
/* End PBXResourcesBuildPhase section */

/* Begin PBXSourcesBuildPhase section */
		BCC717D82A1582ED008F2423 /* Sources */ = {
			isa = PBXSourcesBuildPhase;
			buildActionMask = 2147483647;
			files = (
				BCA9129D2A16123A002D4A41 /* PostViewController.swift in Sources */,
				BCC717E42A1582EE008F2423 /* ViewController.swift in Sources */,
				BCC717E02A1582EE008F2423 /* AppDelegate.swift in Sources */,
				BC0135FC2A16101300FED38D /* FeedViewController.swift in Sources */,
				BC339E8B2A16BAF60097B7AE /* ProfileHeaderView.swift in Sources */,
				BC8A058E2A304D48006D9AFA /* CollectionData.swift in Sources */,
				BC0135FA2A16100500FED38D /* ProfileViewController.swift in Sources */,
				BCA912992A1611DA002D4A41 /* InfoViewController.swift in Sources */,
				BC1F57742A22255800037BFF /* Extension.swift in Sources */,
				BCA9129B2A1611E7002D4A41 /* Post.swift in Sources */,
				BC8A05882A304CBB006D9AFA /* PhotosTableViewCell.swift in Sources */,
				BC1F57722A22252E00037BFF /* LogInViewController.swift in Sources */,
				BC8A058C2A304D1A006D9AFA /* PhotosCollectionViewCell.swift in Sources */,
				BC8A058A2A304CFA006D9AFA /* PhotosViewController.swift in Sources */,
				BCC717E22A1582EE008F2423 /* SceneDelegate.swift in Sources */,
				BC32AFCA2A281133000EF818 /* PostTableViewCell.swift in Sources */,
			);
			runOnlyForDeploymentPostprocessing = 0;
		};
/* End PBXSourcesBuildPhase section */

/* Begin PBXVariantGroup section */
		BCC717EA2A1582EF008F2423 /* LaunchScreen.storyboard */ = {
			isa = PBXVariantGroup;
			children = (
				BCC717EB2A1582EF008F2423 /* Base */,
			);
			name = LaunchScreen.storyboard;
			sourceTree = "<group>";
		};
/* End PBXVariantGroup section */

/* Begin XCBuildConfiguration section */
		BCC717EE2A1582EF008F2423 /* Debug */ = {
			isa = XCBuildConfiguration;
			buildSettings = {
				ALWAYS_SEARCH_USER_PATHS = NO;
				CLANG_ANALYZER_NONNULL = YES;
				CLANG_ANALYZER_NUMBER_OBJECT_CONVERSION = YES_AGGRESSIVE;
				CLANG_CXX_LANGUAGE_STANDARD = "gnu++20";
				CLANG_ENABLE_MODULES = YES;
				CLANG_ENABLE_OBJC_ARC = YES;
				CLANG_ENABLE_OBJC_WEAK = YES;
				CLANG_WARN_BLOCK_CAPTURE_AUTORELEASING = YES;
				CLANG_WARN_BOOL_CONVERSION = YES;
				CLANG_WARN_COMMA = YES;
				CLANG_WARN_CONSTANT_CONVERSION = YES;
				CLANG_WARN_DEPRECATED_OBJC_IMPLEMENTATIONS = YES;
				CLANG_WARN_DIRECT_OBJC_ISA_USAGE = YES_ERROR;
				CLANG_WARN_DOCUMENTATION_COMMENTS = YES;
				CLANG_WARN_EMPTY_BODY = YES;
				CLANG_WARN_ENUM_CONVERSION = YES;
				CLANG_WARN_INFINITE_RECURSION = YES;
				CLANG_WARN_INT_CONVERSION = YES;
				CLANG_WARN_NON_LITERAL_NULL_CONVERSION = YES;
				CLANG_WARN_OBJC_IMPLICIT_RETAIN_SELF = YES;
				CLANG_WARN_OBJC_LITERAL_CONVERSION = YES;
				CLANG_WARN_OBJC_ROOT_CLASS = YES_ERROR;
				CLANG_WARN_QUOTED_INCLUDE_IN_FRAMEWORK_HEADER = YES;
				CLANG_WARN_RANGE_LOOP_ANALYSIS = YES;
				CLANG_WARN_STRICT_PROTOTYPES = YES;
				CLANG_WARN_SUSPICIOUS_MOVE = YES;
				CLANG_WARN_UNGUARDED_AVAILABILITY = YES_AGGRESSIVE;
				CLANG_WARN_UNREACHABLE_CODE = YES;
				CLANG_WARN__DUPLICATE_METHOD_MATCH = YES;
				COPY_PHASE_STRIP = NO;
				DEBUG_INFORMATION_FORMAT = dwarf;
				ENABLE_STRICT_OBJC_MSGSEND = YES;
				ENABLE_TESTABILITY = YES;
				GCC_C_LANGUAGE_STANDARD = gnu11;
				GCC_DYNAMIC_NO_PIC = NO;
				GCC_NO_COMMON_BLOCKS = YES;
				GCC_OPTIMIZATION_LEVEL = 0;
				GCC_PREPROCESSOR_DEFINITIONS = (
					"DEBUG=1",
					"$(inherited)",
				);
				GCC_WARN_64_TO_32_BIT_CONVERSION = YES;
				GCC_WARN_ABOUT_RETURN_TYPE = YES_ERROR;
				GCC_WARN_UNDECLARED_SELECTOR = YES;
				GCC_WARN_UNINITIALIZED_AUTOS = YES_AGGRESSIVE;
				GCC_WARN_UNUSED_FUNCTION = YES;
				GCC_WARN_UNUSED_VARIABLE = YES;
				IPHONEOS_DEPLOYMENT_TARGET = 16.4;
				MTL_ENABLE_DEBUG_INFO = INCLUDE_SOURCE;
				MTL_FAST_MATH = YES;
				ONLY_ACTIVE_ARCH = YES;
				SDKROOT = iphoneos;
				SWIFT_ACTIVE_COMPILATION_CONDITIONS = DEBUG;
				SWIFT_OPTIMIZATION_LEVEL = "-Onone";
			};
			name = Debug;
		};
		BCC717EF2A1582EF008F2423 /* Release */ = {
			isa = XCBuildConfiguration;
			buildSettings = {
				ALWAYS_SEARCH_USER_PATHS = NO;
				CLANG_ANALYZER_NONNULL = YES;
				CLANG_ANALYZER_NUMBER_OBJECT_CONVERSION = YES_AGGRESSIVE;
				CLANG_CXX_LANGUAGE_STANDARD = "gnu++20";
				CLANG_ENABLE_MODULES = YES;
				CLANG_ENABLE_OBJC_ARC = YES;
				CLANG_ENABLE_OBJC_WEAK = YES;
				CLANG_WARN_BLOCK_CAPTURE_AUTORELEASING = YES;
				CLANG_WARN_BOOL_CONVERSION = YES;
				CLANG_WARN_COMMA = YES;
				CLANG_WARN_CONSTANT_CONVERSION = YES;
				CLANG_WARN_DEPRECATED_OBJC_IMPLEMENTATIONS = YES;
				CLANG_WARN_DIRECT_OBJC_ISA_USAGE = YES_ERROR;
				CLANG_WARN_DOCUMENTATION_COMMENTS = YES;
				CLANG_WARN_EMPTY_BODY = YES;
				CLANG_WARN_ENUM_CONVERSION = YES;
				CLANG_WARN_INFINITE_RECURSION = YES;
				CLANG_WARN_INT_CONVERSION = YES;
				CLANG_WARN_NON_LITERAL_NULL_CONVERSION = YES;
				CLANG_WARN_OBJC_IMPLICIT_RETAIN_SELF = YES;
				CLANG_WARN_OBJC_LITERAL_CONVERSION = YES;
				CLANG_WARN_OBJC_ROOT_CLASS = YES_ERROR;
				CLANG_WARN_QUOTED_INCLUDE_IN_FRAMEWORK_HEADER = YES;
				CLANG_WARN_RANGE_LOOP_ANALYSIS = YES;
				CLANG_WARN_STRICT_PROTOTYPES = YES;
				CLANG_WARN_SUSPICIOUS_MOVE = YES;
				CLANG_WARN_UNGUARDED_AVAILABILITY = YES_AGGRESSIVE;
				CLANG_WARN_UNREACHABLE_CODE = YES;
				CLANG_WARN__DUPLICATE_METHOD_MATCH = YES;
				COPY_PHASE_STRIP = NO;
				DEBUG_INFORMATION_FORMAT = "dwarf-with-dsym";
				ENABLE_NS_ASSERTIONS = NO;
				ENABLE_STRICT_OBJC_MSGSEND = YES;
				GCC_C_LANGUAGE_STANDARD = gnu11;
				GCC_NO_COMMON_BLOCKS = YES;
				GCC_WARN_64_TO_32_BIT_CONVERSION = YES;
				GCC_WARN_ABOUT_RETURN_TYPE = YES_ERROR;
				GCC_WARN_UNDECLARED_SELECTOR = YES;
				GCC_WARN_UNINITIALIZED_AUTOS = YES_AGGRESSIVE;
				GCC_WARN_UNUSED_FUNCTION = YES;
				GCC_WARN_UNUSED_VARIABLE = YES;
				IPHONEOS_DEPLOYMENT_TARGET = 16.4;
				MTL_ENABLE_DEBUG_INFO = NO;
				MTL_FAST_MATH = YES;
				SDKROOT = iphoneos;
				SWIFT_COMPILATION_MODE = wholemodule;
				SWIFT_OPTIMIZATION_LEVEL = "-O";
				VALIDATE_PRODUCT = YES;
			};
			name = Release;
		};
		BCC717F12A1582EF008F2423 /* Debug */ = {
			isa = XCBuildConfiguration;
			buildSettings = {
				ASSETCATALOG_COMPILER_APPICON_NAME = AppIcon;
				ASSETCATALOG_COMPILER_GLOBAL_ACCENT_COLOR_NAME = AccentColor;
				CODE_SIGN_STYLE = Automatic;
				CURRENT_PROJECT_VERSION = 1;
				GENERATE_INFOPLIST_FILE = YES;
				INFOPLIST_FILE = Novigation/Info.plist;
				INFOPLIST_KEY_UIApplicationSupportsIndirectInputEvents = YES;
				INFOPLIST_KEY_UILaunchStoryboardName = LaunchScreen;
				INFOPLIST_KEY_UISupportedInterfaceOrientations = UIInterfaceOrientationPortrait;
				INFOPLIST_KEY_UISupportedInterfaceOrientations_iPad = "UIInterfaceOrientationLandscapeLeft UIInterfaceOrientationLandscapeRight UIInterfaceOrientationPortrait UIInterfaceOrientationPortraitUpsideDown";
				LD_RUNPATH_SEARCH_PATHS = (
					"$(inherited)",
					"@executable_path/Frameworks",
				);
				MARKETING_VERSION = 1.0;
				PRODUCT_BUNDLE_IDENTIFIER = "Evgeniy-Sidorov.Novigation";
				PRODUCT_NAME = "$(TARGET_NAME)";
				SWIFT_EMIT_LOC_STRINGS = YES;
				SWIFT_VERSION = 5.0;
				TARGETED_DEVICE_FAMILY = "1,2";
			};
			name = Debug;
		};
		BCC717F22A1582EF008F2423 /* Release */ = {
			isa = XCBuildConfiguration;
			buildSettings = {
				ASSETCATALOG_COMPILER_APPICON_NAME = AppIcon;
				ASSETCATALOG_COMPILER_GLOBAL_ACCENT_COLOR_NAME = AccentColor;
				CODE_SIGN_STYLE = Automatic;
				CURRENT_PROJECT_VERSION = 1;
				GENERATE_INFOPLIST_FILE = YES;
				INFOPLIST_FILE = Novigation/Info.plist;
				INFOPLIST_KEY_UIApplicationSupportsIndirectInputEvents = YES;
				INFOPLIST_KEY_UILaunchStoryboardName = LaunchScreen;
				INFOPLIST_KEY_UISupportedInterfaceOrientations = UIInterfaceOrientationPortrait;
				INFOPLIST_KEY_UISupportedInterfaceOrientations_iPad = "UIInterfaceOrientationLandscapeLeft UIInterfaceOrientationLandscapeRight UIInterfaceOrientationPortrait UIInterfaceOrientationPortraitUpsideDown";
				LD_RUNPATH_SEARCH_PATHS = (
					"$(inherited)",
					"@executable_path/Frameworks",
				);
				MARKETING_VERSION = 1.0;
				PRODUCT_BUNDLE_IDENTIFIER = "Evgeniy-Sidorov.Novigation";
				PRODUCT_NAME = "$(TARGET_NAME)";
				SWIFT_EMIT_LOC_STRINGS = YES;
				SWIFT_VERSION = 5.0;
				TARGETED_DEVICE_FAMILY = "1,2";
			};
			name = Release;
		};
/* End XCBuildConfiguration section */

/* Begin XCConfigurationList section */
		BCC717D72A1582ED008F2423 /* Build configuration list for PBXProject "Novigation" */ = {
			isa = XCConfigurationList;
			buildConfigurations = (
				BCC717EE2A1582EF008F2423 /* Debug */,
				BCC717EF2A1582EF008F2423 /* Release */,
			);
			defaultConfigurationIsVisible = 0;
			defaultConfigurationName = Release;
		};
		BCC717F02A1582EF008F2423 /* Build configuration list for PBXNativeTarget "Novigation" */ = {
			isa = XCConfigurationList;
			buildConfigurations = (
				BCC717F12A1582EF008F2423 /* Debug */,
				BCC717F22A1582EF008F2423 /* Release */,
			);
			defaultConfigurationIsVisible = 0;
			defaultConfigurationName = Release;
		};
/* End XCConfigurationList section */
	};
	rootObject = BCC717D42A1582ED008F2423 /* Project object */;
}
